
Microsoft Visual Studio Solution File, Format Version 12.00
# Visual Studio Version 17
VisualStudioVersion = 17.3.32825.248
MinimumVisualStudioVersion = 10.0.40219.1
Project("{FAE04EC0-301F-11D3-BF4B-00C04F79EFBC}") = "IceCream", "IceCream\IceCream.csproj", "{D6740BF6-5618-459F-8701-F4C1EF4C3A7A}"
EndProject
Project("{FAE04EC0-301F-11D3-BF4B-00C04F79EFBC}") = "Connection", "Connection\Connection.csproj", "{EA771733-6F48-4356-84F1-035AE8CF116E}"
EndProject
Project("{FAE04EC0-301F-11D3-BF4B-00C04F79EFBC}") = "Common", "Common\Common.csproj", "{3DFD0FE0-B7AF-4918-BA6F-85502B705B71}"
EndProject
Project("{FAE04EC0-301F-11D3-BF4B-00C04F79EFBC}") = "Models", "Models\Models.csproj", "{93C0DD20-7D7A-4C7E-8720-746F95A11BF4}"
EndProject
Global
	GlobalSection(SolutionConfigurationPlatforms) = preSolution
		Debug|Any CPU = Debug|Any CPU
		Release|Any CPU = Release|Any CPU
	EndGlobalSection
	GlobalSection(ProjectConfigurationPlatforms) = postSolution
		{D6740BF6-5618-459F-8701-F4C1EF4C3A7A}.Debug|Any CPU.ActiveCfg = Debug|Any CPU
		{D6740BF6-5618-459F-8701-F4C1EF4C3A7A}.Debug|Any CPU.Build.0 = Debug|Any CPU
		{D6740BF6-5618-459F-8701-F4C1EF4C3A7A}.Release|Any CPU.ActiveCfg = Release|Any CPU
		{D6740BF6-5618-459F-8701-F4C1EF4C3A7A}.Release|Any CPU.Build.0 = Release|Any CPU
		{EA771733-6F48-4356-84F1-035AE8CF116E}.Debug|Any CPU.ActiveCfg = Debug|Any CPU
		{EA771733-6F48-4356-84F1-035AE8CF116E}.Debug|Any CPU.Build.0 = Debug|Any CPU
		{EA771733-6F48-4356-84F1-035AE8CF116E}.Release|Any CPU.ActiveCfg = Release|Any CPU
		{EA771733-6F48-4356-84F1-035AE8CF116E}.Release|Any CPU.Build.0 = Release|Any CPU
		{3DFD0FE0-B7AF-4918-BA6F-85502B705B71}.Debug|Any CPU.ActiveCfg = Debug|Any CPU
		{3DFD0FE0-B7AF-4918-BA6F-85502B705B71}.Debug|Any CPU.Build.0 = Debug|Any CPU
		{3DFD0FE0-B7AF-4918-BA6F-85502B705B71}.Release|Any CPU.ActiveCfg = Release|Any CPU
		{3DFD0FE0-B7AF-4918-BA6F-85502B705B71}.Release|Any CPU.Build.0 = Release|Any CPU
		{93C0DD20-7D7A-4C7E-8720-746F95A11BF4}.Debug|Any CPU.ActiveCfg = Debug|Any CPU
		{93C0DD20-7D7A-4C7E-8720-746F95A11BF4}.Debug|Any CPU.Build.0 = Debug|Any CPU
		{93C0DD20-7D7A-4C7E-8720-746F95A11BF4}.Release|Any CPU.ActiveCfg = Release|Any CPU
		{93C0DD20-7D7A-4C7E-8720-746F95A11BF4}.Release|Any CPU.Build.0 = Release|Any CPU
	EndGlobalSection
	GlobalSection(SolutionProperties) = preSolution
		HideSolutionNode = FALSE
	EndGlobalSection
	GlobalSection(ExtensibilityGlobals) = postSolution
		SolutionGuid = {EDF7FE09-D07B-42A8-AF57-BB3A068E371D}
	EndGlobalSection
EndGlobal
